
Microsoft Visual Studio Solution File, Format Version 12.00
# Visual Studio Version 17
VisualStudioVersion = 17.4.33213.308
MinimumVisualStudioVersion = 10.0.40219.1
Project("{FAE04EC0-301F-11D3-BF4B-00C04F79EFBC}") = "jurnal4", "jurnal4\jurnal4.csproj", "{9ACF2A05-8179-46A4-91C2-BDFE4328D30C}"
EndProject
Global
	GlobalSection(SolutionConfigurationPlatforms) = preSolution
		Debug|Any CPU = Debug|Any CPU
		Release|Any CPU = Release|Any CPU
	EndGlobalSection
	GlobalSection(ProjectConfigurationPlatforms) = postSolution
		{9ACF2A05-8179-46A4-91C2-BDFE4328D30C}.Debug|Any CPU.ActiveCfg = Debug|Any CPU
		{9ACF2A05-8179-46A4-91C2-BDFE4328D30C}.Debug|Any CPU.Build.0 = Debug|Any CPU
		{9ACF2A05-8179-46A4-91C2-BDFE4328D30C}.Release|Any CPU.ActiveCfg = Release|Any CPU
		{9ACF2A05-8179-46A4-91C2-BDFE4328D30C}.Release|Any CPU.Build.0 = Release|Any CPU
	EndGlobalSection
	GlobalSection(SolutionProperties) = preSolution
		HideSolutionNode = FALSE
	EndGlobalSection
	GlobalSection(ExtensibilityGlobals) = postSolution
		SolutionGuid = {D287AB60-9A34-4B92-9ED5-BE53C6F18E2C}
	EndGlobalSection
EndGlobal
